// !$*UTF8*$!
{
	archiveVersion = 1;
	classes = {
	};
	objectVersion = 77;
	objects = {

/* Begin PBXBuildFile section */
		B00CDFE72D6C150C00050613 /* LigasEcAPI.framework in Frameworks */ = {isa = PBXBuildFile; fileRef = B00CDFDD2D6C150C00050613 /* LigasEcAPI.framework */; };
		B00CDFF82D6C151D00050613 /* LigasEcAPI.docc in Sources */ = {isa = PBXBuildFile; fileRef = B00CDFF62D6C151D00050613 /* LigasEcAPI.docc */; };
		B00CDFF92D6C151D00050613 /* LigasEcAPI.h in Headers */ = {isa = PBXBuildFile; fileRef = B00CDFF52D6C151D00050613 /* LigasEcAPI.h */; settings = {ATTRIBUTES = (Public, ); }; };
		B00CE1452D6C156500050613 /* LeagueMapper.swift in Sources */ = {isa = PBXBuildFile; fileRef = B00CE1442D6C156500050613 /* LeagueMapper.swift */; };
		B00CE14B2D6C259C00050613 /* ImageMapper.swift in Sources */ = {isa = PBXBuildFile; fileRef = B00CE14A2D6C259C00050613 /* ImageMapper.swift */; };
		B00CE1532D6C260200050613 /* ImageMapperTests.swift in Sources */ = {isa = PBXBuildFile; fileRef = B00CE1502D6C260200050613 /* ImageMapperTests.swift */; };
		B00CE1542D6C260200050613 /* LeagueMapperTests.swift in Sources */ = {isa = PBXBuildFile; fileRef = B00CE1512D6C260200050613 /* LeagueMapperTests.swift */; };
		B00CE15A2D6C260A00050613 /* SharedTestHelpers.swift in Sources */ = {isa = PBXBuildFile; fileRef = B00CE1552D6C260A00050613 /* SharedTestHelpers.swift */; };
		B00CE15B2D6C260A00050613 /* URLSessionSpy.swift in Sources */ = {isa = PBXBuildFile; fileRef = B00CE1562D6C260A00050613 /* URLSessionSpy.swift */; };
		B00CE15C2D6C260A00050613 /* URLSessionHTTPClientTests.swift in Sources */ = {isa = PBXBuildFile; fileRef = B00CE1582D6C260A00050613 /* URLSessionHTTPClientTests.swift */; };
		B00CE15D2D6C260A00050613 /* SharedTestHelpers.swift in Sources */ = {isa = PBXBuildFile; fileRef = B00CE1552D6C260A00050613 /* SharedTestHelpers.swift */; };
		B00CE1862D6CC58C00050613 /* SharedAPI.xctestplan in Resources */ = {isa = PBXBuildFile; fileRef = B00CE1852D6CC58C00050613 /* SharedAPI.xctestplan */; };
		B01EB4B92D681E2500859916 /* SharedAPI.framework in Frameworks */ = {isa = PBXBuildFile; fileRef = B01EB4AE2D681E2500859916 /* SharedAPI.framework */; };
		B0FFEDB92D690E110058D1C0 /* HTTPClient.swift in Sources */ = {isa = PBXBuildFile; fileRef = B0FFEDB52D690E110058D1C0 /* HTTPClient.swift */; };
		B0FFEDBA2D690E110058D1C0 /* SharedAPI.docc in Sources */ = {isa = PBXBuildFile; fileRef = B0FFEDB62D690E110058D1C0 /* SharedAPI.docc */; };
		B0FFEDBB2D690E110058D1C0 /* URLSessionHTTPClient.swift in Sources */ = {isa = PBXBuildFile; fileRef = B0FFEDB72D690E110058D1C0 /* URLSessionHTTPClient.swift */; };
		B0FFEDBC2D690E110058D1C0 /* SharedAPI.h in Headers */ = {isa = PBXBuildFile; fileRef = B0FFEDB32D690E110058D1C0 /* SharedAPI.h */; settings = {ATTRIBUTES = (Public, ); }; };
/* End PBXBuildFile section */

/* Begin PBXContainerItemProxy section */
		B00CDFE82D6C150C00050613 /* PBXContainerItemProxy */ = {
			isa = PBXContainerItemProxy;
			containerPortal = B01EB4A52D681E2500859916 /* Project object */;
			proxyType = 1;
			remoteGlobalIDString = B00CDFDC2D6C150C00050613;
			remoteInfo = LigasEcAPI;
		};
		B01EB4BA2D681E2500859916 /* PBXContainerItemProxy */ = {
			isa = PBXContainerItemProxy;
			containerPortal = B01EB4A52D681E2500859916 /* Project object */;
			proxyType = 1;
			remoteGlobalIDString = B01EB4AD2D681E2500859916;
			remoteInfo = SharedAPI;
		};
/* End PBXContainerItemProxy section */

/* Begin PBXFileReference section */
		B00CDFDD2D6C150C00050613 /* LigasEcAPI.framework */ = {isa = PBXFileReference; explicitFileType = wrapper.framework; includeInIndex = 0; path = LigasEcAPI.framework; sourceTree = BUILT_PRODUCTS_DIR; };
		B00CDFE62D6C150C00050613 /* LigasEcAPITests.xctest */ = {isa = PBXFileReference; explicitFileType = wrapper.cfbundle; includeInIndex = 0; path = LigasEcAPITests.xctest; sourceTree = BUILT_PRODUCTS_DIR; };
		B00CDFF52D6C151D00050613 /* LigasEcAPI.h */ = {isa = PBXFileReference; lastKnownFileType = sourcecode.c.h; path = LigasEcAPI.h; sourceTree = "<group>"; };
		B00CDFF62D6C151D00050613 /* LigasEcAPI.docc */ = {isa = PBXFileReference; lastKnownFileType = folder.documentationcatalog; path = LigasEcAPI.docc; sourceTree = "<group>"; };
		B00CE1442D6C156500050613 /* LeagueMapper.swift */ = {isa = PBXFileReference; lastKnownFileType = sourcecode.swift; path = LeagueMapper.swift; sourceTree = "<group>"; };
		B00CE14A2D6C259C00050613 /* ImageMapper.swift */ = {isa = PBXFileReference; lastKnownFileType = sourcecode.swift; path = ImageMapper.swift; sourceTree = "<group>"; };
		B00CE1502D6C260200050613 /* ImageMapperTests.swift */ = {isa = PBXFileReference; lastKnownFileType = sourcecode.swift; path = ImageMapperTests.swift; sourceTree = "<group>"; };
		B00CE1512D6C260200050613 /* LeagueMapperTests.swift */ = {isa = PBXFileReference; lastKnownFileType = sourcecode.swift; path = LeagueMapperTests.swift; sourceTree = "<group>"; };
		B00CE1552D6C260A00050613 /* SharedTestHelpers.swift */ = {isa = PBXFileReference; lastKnownFileType = sourcecode.swift; path = SharedTestHelpers.swift; sourceTree = "<group>"; };
		B00CE1562D6C260A00050613 /* URLSessionSpy.swift */ = {isa = PBXFileReference; lastKnownFileType = sourcecode.swift; path = URLSessionSpy.swift; sourceTree = "<group>"; };
		B00CE1582D6C260A00050613 /* URLSessionHTTPClientTests.swift */ = {isa = PBXFileReference; lastKnownFileType = sourcecode.swift; path = URLSessionHTTPClientTests.swift; sourceTree = "<group>"; };
		B00CE1842D6CC53D00050613 /* LigasEcAPI.xctestplan */ = {isa = PBXFileReference; lastKnownFileType = text; name = LigasEcAPI.xctestplan; path = LigasEcAPITests/LigasEcAPI.xctestplan; sourceTree = "<group>"; };
		B00CE1852D6CC58C00050613 /* SharedAPI.xctestplan */ = {isa = PBXFileReference; lastKnownFileType = text; path = SharedAPI.xctestplan; sourceTree = "<group>"; };
		B00CE1872D6CC61D00050613 /* SharedAPI.xctestplan */ = {isa = PBXFileReference; lastKnownFileType = text; name = SharedAPI.xctestplan; path = SharedAPITests/SharedAPI.xctestplan; sourceTree = "<group>"; };
		B01EB4AE2D681E2500859916 /* SharedAPI.framework */ = {isa = PBXFileReference; explicitFileType = wrapper.framework; includeInIndex = 0; path = SharedAPI.framework; sourceTree = BUILT_PRODUCTS_DIR; };
		B01EB4B82D681E2500859916 /* SharedAPITests.xctest */ = {isa = PBXFileReference; explicitFileType = wrapper.cfbundle; includeInIndex = 0; path = SharedAPITests.xctest; sourceTree = BUILT_PRODUCTS_DIR; };
		B0FFEDB32D690E110058D1C0 /* SharedAPI.h */ = {isa = PBXFileReference; lastKnownFileType = sourcecode.c.h; path = SharedAPI.h; sourceTree = "<group>"; };
		B0FFEDB52D690E110058D1C0 /* HTTPClient.swift */ = {isa = PBXFileReference; lastKnownFileType = sourcecode.swift; path = HTTPClient.swift; sourceTree = "<group>"; };
		B0FFEDB62D690E110058D1C0 /* SharedAPI.docc */ = {isa = PBXFileReference; lastKnownFileType = folder.documentationcatalog; path = SharedAPI.docc; sourceTree = "<group>"; };
		B0FFEDB72D690E110058D1C0 /* URLSessionHTTPClient.swift */ = {isa = PBXFileReference; lastKnownFileType = sourcecode.swift; path = URLSessionHTTPClient.swift; sourceTree = "<group>"; };
/* End PBXFileReference section */

/* Begin PBXFrameworksBuildPhase section */
		B00CDFDA2D6C150C00050613 /* Frameworks */ = {
			isa = PBXFrameworksBuildPhase;
			buildActionMask = 2147483647;
			files = (
			);
			runOnlyForDeploymentPostprocessing = 0;
		};
		B00CDFE32D6C150C00050613 /* Frameworks */ = {
			isa = PBXFrameworksBuildPhase;
			buildActionMask = 2147483647;
			files = (
				B00CDFE72D6C150C00050613 /* LigasEcAPI.framework in Frameworks */,
			);
			runOnlyForDeploymentPostprocessing = 0;
		};
		B01EB4AB2D681E2500859916 /* Frameworks */ = {
			isa = PBXFrameworksBuildPhase;
			buildActionMask = 2147483647;
			files = (
			);
			runOnlyForDeploymentPostprocessing = 0;
		};
		B01EB4B52D681E2500859916 /* Frameworks */ = {
			isa = PBXFrameworksBuildPhase;
			buildActionMask = 2147483647;
			files = (
				B01EB4B92D681E2500859916 /* SharedAPI.framework in Frameworks */,
			);
			runOnlyForDeploymentPostprocessing = 0;
		};
/* End PBXFrameworksBuildPhase section */

/* Begin PBXGroup section */
		B00CDFF72D6C151D00050613 /* LigasEcAPI */ = {
			isa = PBXGroup;
			children = (
				B00CDFFA2D6C152400050613 /* Header & Doc */,
				B00CE1442D6C156500050613 /* LeagueMapper.swift */,
				B00CE14A2D6C259C00050613 /* ImageMapper.swift */,
			);
			path = LigasEcAPI;
			sourceTree = "<group>";
		};
		B00CDFFA2D6C152400050613 /* Header & Doc */ = {
			isa = PBXGroup;
			children = (
				B00CDFF52D6C151D00050613 /* LigasEcAPI.h */,
				B00CDFF62D6C151D00050613 /* LigasEcAPI.docc */,
			);
			path = "Header & Doc";
			sourceTree = "<group>";
		};
		B00CE1522D6C260200050613 /* LigasEcAPITests */ = {
			isa = PBXGroup;
			children = (
				B00CE1512D6C260200050613 /* LeagueMapperTests.swift */,
				B00CE1502D6C260200050613 /* ImageMapperTests.swift */,
			);
			path = LigasEcAPITests;
			sourceTree = "<group>";
		};
		B00CE1572D6C260A00050613 /* Helpers */ = {
			isa = PBXGroup;
			children = (
				B00CE1552D6C260A00050613 /* SharedTestHelpers.swift */,
				B00CE1562D6C260A00050613 /* URLSessionSpy.swift */,
			);
			path = Helpers;
			sourceTree = "<group>";
		};
		B00CE1592D6C260A00050613 /* SharedAPITests */ = {
			isa = PBXGroup;
			children = (
				B00CE1852D6CC58C00050613 /* SharedAPI.xctestplan */,
				B00CE1572D6C260A00050613 /* Helpers */,
				B00CE1582D6C260A00050613 /* URLSessionHTTPClientTests.swift */,
			);
			path = SharedAPITests;
			sourceTree = "<group>";
		};
		B01EB4A42D681E2500859916 = {
			isa = PBXGroup;
			children = (
				B00CE1872D6CC61D00050613 /* SharedAPI.xctestplan */,
				B00CE1842D6CC53D00050613 /* LigasEcAPI.xctestplan */,
				B00CDFF72D6C151D00050613 /* LigasEcAPI */,
				B00CE1522D6C260200050613 /* LigasEcAPITests */,
				B01EB4AF2D681E2500859916 /* Products */,
				B0FFEDB82D690E110058D1C0 /* SharedAPI */,
				B00CE1592D6C260A00050613 /* SharedAPITests */,
			);
			sourceTree = "<group>";
		};
		B01EB4AF2D681E2500859916 /* Products */ = {
			isa = PBXGroup;
			children = (
				B01EB4AE2D681E2500859916 /* SharedAPI.framework */,
				B01EB4B82D681E2500859916 /* SharedAPITests.xctest */,
				B00CDFDD2D6C150C00050613 /* LigasEcAPI.framework */,
				B00CDFE62D6C150C00050613 /* LigasEcAPITests.xctest */,
			);
			name = Products;
			sourceTree = "<group>";
		};
		B0FFEDB42D690E110058D1C0 /* Header & Doc */ = {
			isa = PBXGroup;
			children = (
				B0FFEDB32D690E110058D1C0 /* SharedAPI.h */,
				B0FFEDB62D690E110058D1C0 /* SharedAPI.docc */,
			);
			path = "Header & Doc";
			sourceTree = "<group>";
		};
		B0FFEDB82D690E110058D1C0 /* SharedAPI */ = {
			isa = PBXGroup;
			children = (
				B0FFEDB42D690E110058D1C0 /* Header & Doc */,
				B0FFEDB52D690E110058D1C0 /* HTTPClient.swift */,
				B0FFEDBD2D690E530058D1C0 /* Infra */,
			);
			path = SharedAPI;
			sourceTree = "<group>";
		};
		B0FFEDBD2D690E530058D1C0 /* Infra */ = {
			isa = PBXGroup;
			children = (
				B0FFEDB72D690E110058D1C0 /* URLSessionHTTPClient.swift */,
			);
			path = Infra;
			sourceTree = "<group>";
		};
/* End PBXGroup section */

/* Begin PBXHeadersBuildPhase section */
		B00CDFD82D6C150C00050613 /* Headers */ = {
			isa = PBXHeadersBuildPhase;
			buildActionMask = 2147483647;
			files = (
				B00CDFF92D6C151D00050613 /* LigasEcAPI.h in Headers */,
			);
			runOnlyForDeploymentPostprocessing = 0;
		};
		B01EB4A92D681E2500859916 /* Headers */ = {
			isa = PBXHeadersBuildPhase;
			buildActionMask = 2147483647;
			files = (
				B0FFEDBC2D690E110058D1C0 /* SharedAPI.h in Headers */,
			);
			runOnlyForDeploymentPostprocessing = 0;
		};
/* End PBXHeadersBuildPhase section */

/* Begin PBXNativeTarget section */
		B00CDFDC2D6C150C00050613 /* LigasEcAPI */ = {
			isa = PBXNativeTarget;
			buildConfigurationList = B00CDFF32D6C150C00050613 /* Build configuration list for PBXNativeTarget "LigasEcAPI" */;
			buildPhases = (
				B00CDFD82D6C150C00050613 /* Headers */,
				B00CDFD92D6C150C00050613 /* Sources */,
				B00CDFDA2D6C150C00050613 /* Frameworks */,
				B00CDFDB2D6C150C00050613 /* Resources */,
			);
			buildRules = (
			);
			dependencies = (
			);
			name = LigasEcAPI;
			packageProductDependencies = (
			);
			productName = LigasEcAPI;
			productReference = B00CDFDD2D6C150C00050613 /* LigasEcAPI.framework */;
			productType = "com.apple.product-type.framework";
		};
		B00CDFE52D6C150C00050613 /* LigasEcAPITests */ = {
			isa = PBXNativeTarget;
			buildConfigurationList = B00CDFF42D6C150C00050613 /* Build configuration list for PBXNativeTarget "LigasEcAPITests" */;
			buildPhases = (
				B00CDFE22D6C150C00050613 /* Sources */,
				B00CDFE32D6C150C00050613 /* Frameworks */,
				B00CDFE42D6C150C00050613 /* Resources */,
			);
			buildRules = (
			);
			dependencies = (
				B00CDFE92D6C150C00050613 /* PBXTargetDependency */,
			);
			name = LigasEcAPITests;
			packageProductDependencies = (
			);
			productName = LigasEcAPITests;
			productReference = B00CDFE62D6C150C00050613 /* LigasEcAPITests.xctest */;
			productType = "com.apple.product-type.bundle.unit-test";
		};
		B01EB4AD2D681E2500859916 /* SharedAPI */ = {
			isa = PBXNativeTarget;
			buildConfigurationList = B01EB4C12D681E2500859916 /* Build configuration list for PBXNativeTarget "SharedAPI" */;
			buildPhases = (
				B01EB4A92D681E2500859916 /* Headers */,
				B01EB4AA2D681E2500859916 /* Sources */,
				B01EB4AB2D681E2500859916 /* Frameworks */,
				B01EB4AC2D681E2500859916 /* Resources */,
			);
			buildRules = (
			);
			dependencies = (
			);
			name = SharedAPI;
			packageProductDependencies = (
			);
			productName = SharedAPI;
			productReference = B01EB4AE2D681E2500859916 /* SharedAPI.framework */;
			productType = "com.apple.product-type.framework";
		};
		B01EB4B72D681E2500859916 /* SharedAPITests */ = {
			isa = PBXNativeTarget;
			buildConfigurationList = B01EB4C62D681E2500859916 /* Build configuration list for PBXNativeTarget "SharedAPITests" */;
			buildPhases = (
				B01EB4B42D681E2500859916 /* Sources */,
				B01EB4B52D681E2500859916 /* Frameworks */,
				B01EB4B62D681E2500859916 /* Resources */,
			);
			buildRules = (
			);
			dependencies = (
				B01EB4BB2D681E2500859916 /* PBXTargetDependency */,
			);
			name = SharedAPITests;
			packageProductDependencies = (
			);
			productName = SharedAPITests;
			productReference = B01EB4B82D681E2500859916 /* SharedAPITests.xctest */;
			productType = "com.apple.product-type.bundle.unit-test";
		};
/* End PBXNativeTarget section */

/* Begin PBXProject section */
		B01EB4A52D681E2500859916 /* Project object */ = {
			isa = PBXProject;
			attributes = {
				BuildIndependentTargetsInParallel = 1;
				LastSwiftUpdateCheck = 1620;
				LastUpgradeCheck = 1620;
				TargetAttributes = {
					B00CDFDC2D6C150C00050613 = {
						CreatedOnToolsVersion = 16.2;
					};
					B00CDFE52D6C150C00050613 = {
						CreatedOnToolsVersion = 16.2;
					};
					B01EB4AD2D681E2500859916 = {
						CreatedOnToolsVersion = 16.2;
					};
					B01EB4B72D681E2500859916 = {
						CreatedOnToolsVersion = 16.2;
					};
				};
			};
			buildConfigurationList = B01EB4A82D681E2500859916 /* Build configuration list for PBXProject "LigasEcAPI" */;
			developmentRegion = en;
			hasScannedForEncodings = 0;
			knownRegions = (
				en,
				Base,
			);
			mainGroup = B01EB4A42D681E2500859916;
			minimizedProjectReferenceProxies = 1;
			preferredProjectObjectVersion = 77;
			productRefGroup = B01EB4AF2D681E2500859916 /* Products */;
			projectDirPath = "";
			projectRoot = "";
			targets = (
				B01EB4AD2D681E2500859916 /* SharedAPI */,
				B01EB4B72D681E2500859916 /* SharedAPITests */,
				B00CDFDC2D6C150C00050613 /* LigasEcAPI */,
				B00CDFE52D6C150C00050613 /* LigasEcAPITests */,
			);
		};
/* End PBXProject section */

/* Begin PBXResourcesBuildPhase section */
		B00CDFDB2D6C150C00050613 /* Resources */ = {
			isa = PBXResourcesBuildPhase;
			buildActionMask = 2147483647;
			files = (
			);
			runOnlyForDeploymentPostprocessing = 0;
		};
		B00CDFE42D6C150C00050613 /* Resources */ = {
			isa = PBXResourcesBuildPhase;
			buildActionMask = 2147483647;
			files = (
			);
			runOnlyForDeploymentPostprocessing = 0;
		};
		B01EB4AC2D681E2500859916 /* Resources */ = {
			isa = PBXResourcesBuildPhase;
			buildActionMask = 2147483647;
			files = (
			);
			runOnlyForDeploymentPostprocessing = 0;
		};
		B01EB4B62D681E2500859916 /* Resources */ = {
			isa = PBXResourcesBuildPhase;
			buildActionMask = 2147483647;
			files = (
				B00CE1862D6CC58C00050613 /* SharedAPI.xctestplan in Resources */,
			);
			runOnlyForDeploymentPostprocessing = 0;
		};
/* End PBXResourcesBuildPhase section */

/* Begin PBXSourcesBuildPhase section */
		B00CDFD92D6C150C00050613 /* Sources */ = {
			isa = PBXSourcesBuildPhase;
			buildActionMask = 2147483647;
			files = (
				B00CE14B2D6C259C00050613 /* ImageMapper.swift in Sources */,
				B00CDFF82D6C151D00050613 /* LigasEcAPI.docc in Sources */,
				B00CE1452D6C156500050613 /* LeagueMapper.swift in Sources */,
			);
			runOnlyForDeploymentPostprocessing = 0;
		};
		B00CDFE22D6C150C00050613 /* Sources */ = {
			isa = PBXSourcesBuildPhase;
			buildActionMask = 2147483647;
			files = (
				B00CE1532D6C260200050613 /* ImageMapperTests.swift in Sources */,
				B00CE1542D6C260200050613 /* LeagueMapperTests.swift in Sources */,
				B00CE15D2D6C260A00050613 /* SharedTestHelpers.swift in Sources */,
			);
			runOnlyForDeploymentPostprocessing = 0;
		};
		B01EB4AA2D681E2500859916 /* Sources */ = {
			isa = PBXSourcesBuildPhase;
			buildActionMask = 2147483647;
			files = (
				B0FFEDB92D690E110058D1C0 /* HTTPClient.swift in Sources */,
				B0FFEDBA2D690E110058D1C0 /* SharedAPI.docc in Sources */,
				B0FFEDBB2D690E110058D1C0 /* URLSessionHTTPClient.swift in Sources */,
			);
			runOnlyForDeploymentPostprocessing = 0;
		};
		B01EB4B42D681E2500859916 /* Sources */ = {
			isa = PBXSourcesBuildPhase;
			buildActionMask = 2147483647;
			files = (
				B00CE15A2D6C260A00050613 /* SharedTestHelpers.swift in Sources */,
				B00CE15B2D6C260A00050613 /* URLSessionSpy.swift in Sources */,
				B00CE15C2D6C260A00050613 /* URLSessionHTTPClientTests.swift in Sources */,
			);
			runOnlyForDeploymentPostprocessing = 0;
		};
/* End PBXSourcesBuildPhase section */

/* Begin PBXTargetDependency section */
		B00CDFE92D6C150C00050613 /* PBXTargetDependency */ = {
			isa = PBXTargetDependency;
			target = B00CDFDC2D6C150C00050613 /* LigasEcAPI */;
			targetProxy = B00CDFE82D6C150C00050613 /* PBXContainerItemProxy */;
		};
		B01EB4BB2D681E2500859916 /* PBXTargetDependency */ = {
			isa = PBXTargetDependency;
			target = B01EB4AD2D681E2500859916 /* SharedAPI */;
			targetProxy = B01EB4BA2D681E2500859916 /* PBXContainerItemProxy */;
		};
/* End PBXTargetDependency section */

/* Begin XCBuildConfiguration section */
		B00CDFEE2D6C150C00050613 /* Debug */ = {
			isa = XCBuildConfiguration;
			buildSettings = {
				BUILD_LIBRARY_FOR_DISTRIBUTION = YES;
				CODE_SIGN_STYLE = Automatic;
				CURRENT_PROJECT_VERSION = 1;
				DEFINES_MODULE = YES;
				DEVELOPMENT_TEAM = 9V3336X7NB;
				DYLIB_COMPATIBILITY_VERSION = 1;
				DYLIB_CURRENT_VERSION = 1;
				DYLIB_INSTALL_NAME_BASE = "@rpath";
				ENABLE_MODULE_VERIFIER = YES;
				GENERATE_INFOPLIST_FILE = YES;
				INFOPLIST_KEY_NSHumanReadableCopyright = "";
				INSTALL_PATH = "$(LOCAL_LIBRARY_DIR)/Frameworks";
				IPHONEOS_DEPLOYMENT_TARGET = 18.2;
				LD_RUNPATH_SEARCH_PATHS = (
					"$(inherited)",
					"@executable_path/Frameworks",
					"@loader_path/Frameworks",
				);
				MARKETING_VERSION = 1.0;
				MODULE_VERIFIER_SUPPORTED_LANGUAGES = "objective-c objective-c++";
				MODULE_VERIFIER_SUPPORTED_LANGUAGE_STANDARDS = "gnu17 gnu++20";
				PRODUCT_BUNDLE_IDENTIFIER = com.joseb91.LigasEcAPI;
				PRODUCT_NAME = "$(TARGET_NAME:c99extidentifier)";
				SKIP_INSTALL = YES;
				SWIFT_EMIT_LOC_STRINGS = YES;
				SWIFT_INSTALL_OBJC_HEADER = NO;
				SWIFT_VERSION = 5.0;
				TARGETED_DEVICE_FAMILY = "1,2";
			};
			name = Debug;
		};
		B00CDFEF2D6C150C00050613 /* Release */ = {
			isa = XCBuildConfiguration;
			buildSettings = {
				BUILD_LIBRARY_FOR_DISTRIBUTION = YES;
				CODE_SIGN_STYLE = Automatic;
				CURRENT_PROJECT_VERSION = 1;
				DEFINES_MODULE = YES;
				DEVELOPMENT_TEAM = 9V3336X7NB;
				DYLIB_COMPATIBILITY_VERSION = 1;
				DYLIB_CURRENT_VERSION = 1;
				DYLIB_INSTALL_NAME_BASE = "@rpath";
				ENABLE_MODULE_VERIFIER = YES;
				GENERATE_INFOPLIST_FILE = YES;
				INFOPLIST_KEY_NSHumanReadableCopyright = "";
				INSTALL_PATH = "$(LOCAL_LIBRARY_DIR)/Frameworks";
				IPHONEOS_DEPLOYMENT_TARGET = 18.2;
				LD_RUNPATH_SEARCH_PATHS = (
					"$(inherited)",
					"@executable_path/Frameworks",
					"@loader_path/Frameworks",
				);
				MARKETING_VERSION = 1.0;
				MODULE_VERIFIER_SUPPORTED_LANGUAGES = "objective-c objective-c++";
				MODULE_VERIFIER_SUPPORTED_LANGUAGE_STANDARDS = "gnu17 gnu++20";
				PRODUCT_BUNDLE_IDENTIFIER = com.joseb91.LigasEcAPI;
				PRODUCT_NAME = "$(TARGET_NAME:c99extidentifier)";
				SKIP_INSTALL = YES;
				SWIFT_EMIT_LOC_STRINGS = YES;
				SWIFT_INSTALL_OBJC_HEADER = NO;
				SWIFT_VERSION = 5.0;
				TARGETED_DEVICE_FAMILY = "1,2";
			};
			name = Release;
		};
		B00CDFF02D6C150C00050613 /* Debug */ = {
			isa = XCBuildConfiguration;
			buildSettings = {
				CODE_SIGN_STYLE = Automatic;
				CURRENT_PROJECT_VERSION = 1;
				DEVELOPMENT_TEAM = 9V3336X7NB;
				GENERATE_INFOPLIST_FILE = YES;
				IPHONEOS_DEPLOYMENT_TARGET = 18.2;
				MARKETING_VERSION = 1.0;
				PRODUCT_BUNDLE_IDENTIFIER = com.joseb91.LigasEcAPITests;
				PRODUCT_NAME = "$(TARGET_NAME)";
				SWIFT_EMIT_LOC_STRINGS = NO;
				SWIFT_VERSION = 5.0;
				TARGETED_DEVICE_FAMILY = "1,2";
			};
			name = Debug;
		};
		B00CDFF12D6C150C00050613 /* Release */ = {
			isa = XCBuildConfiguration;
			buildSettings = {
				CODE_SIGN_STYLE = Automatic;
				CURRENT_PROJECT_VERSION = 1;
				DEVELOPMENT_TEAM = 9V3336X7NB;
				GENERATE_INFOPLIST_FILE = YES;
				IPHONEOS_DEPLOYMENT_TARGET = 18.2;
				MARKETING_VERSION = 1.0;
				PRODUCT_BUNDLE_IDENTIFIER = com.joseb91.LigasEcAPITests;
				PRODUCT_NAME = "$(TARGET_NAME)";
				SWIFT_EMIT_LOC_STRINGS = NO;
				SWIFT_VERSION = 5.0;
				TARGETED_DEVICE_FAMILY = "1,2";
			};
			name = Release;
		};
		B01EB4C22D681E2500859916 /* Debug */ = {
			isa = XCBuildConfiguration;
			buildSettings = {
				BUILD_LIBRARY_FOR_DISTRIBUTION = YES;
				CODE_SIGN_STYLE = Automatic;
				CURRENT_PROJECT_VERSION = 1;
				DEFINES_MODULE = YES;
				DEVELOPMENT_TEAM = 9V3336X7NB;
				DYLIB_COMPATIBILITY_VERSION = 1;
				DYLIB_CURRENT_VERSION = 1;
				DYLIB_INSTALL_NAME_BASE = "@rpath";
				ENABLE_MODULE_VERIFIER = YES;
				GENERATE_INFOPLIST_FILE = YES;
				INFOPLIST_KEY_NSHumanReadableCopyright = "";
				INSTALL_PATH = "$(LOCAL_LIBRARY_DIR)/Frameworks";
				IPHONEOS_DEPLOYMENT_TARGET = 17.5;
				LD_RUNPATH_SEARCH_PATHS = (
					"$(inherited)",
					"@executable_path/Frameworks",
					"@loader_path/Frameworks",
				);
				MARKETING_VERSION = 1.0;
				MODULE_VERIFIER_SUPPORTED_LANGUAGES = "objective-c objective-c++";
				MODULE_VERIFIER_SUPPORTED_LANGUAGE_STANDARDS = "gnu17 gnu++20";
				PRODUCT_BUNDLE_IDENTIFIER = com.joseb91.SharedAPI;
				PRODUCT_NAME = "$(TARGET_NAME:c99extidentifier)";
				SKIP_INSTALL = YES;
				SUPPORTED_PLATFORMS = "iphoneos iphonesimulator";
				SUPPORTS_MACCATALYST = NO;
				SUPPORTS_MAC_DESIGNED_FOR_IPHONE_IPAD = NO;
				SUPPORTS_XR_DESIGNED_FOR_IPHONE_IPAD = NO;
				SWIFT_EMIT_LOC_STRINGS = YES;
				SWIFT_INSTALL_OBJC_HEADER = NO;
				SWIFT_VERSION = 5.0;
				TARGETED_DEVICE_FAMILY = "1,2";
			};
			name = Debug;
		};
		B01EB4C32D681E2500859916 /* Release */ = {
			isa = XCBuildConfiguration;
			buildSettings = {
				BUILD_LIBRARY_FOR_DISTRIBUTION = YES;
				CODE_SIGN_STYLE = Automatic;
				CURRENT_PROJECT_VERSION = 1;
				DEFINES_MODULE = YES;
				DEVELOPMENT_TEAM = 9V3336X7NB;
				DYLIB_COMPATIBILITY_VERSION = 1;
				DYLIB_CURRENT_VERSION = 1;
				DYLIB_INSTALL_NAME_BASE = "@rpath";
				ENABLE_MODULE_VERIFIER = YES;
				GENERATE_INFOPLIST_FILE = YES;
				INFOPLIST_KEY_NSHumanReadableCopyright = "";
				INSTALL_PATH = "$(LOCAL_LIBRARY_DIR)/Frameworks";
				IPHONEOS_DEPLOYMENT_TARGET = 17.5;
				LD_RUNPATH_SEARCH_PATHS = (
					"$(inherited)",
					"@executable_path/Frameworks",
					"@loader_path/Frameworks",
				);
				MARKETING_VERSION = 1.0;
				MODULE_VERIFIER_SUPPORTED_LANGUAGES = "objective-c objective-c++";
				MODULE_VERIFIER_SUPPORTED_LANGUAGE_STANDARDS = "gnu17 gnu++20";
				PRODUCT_BUNDLE_IDENTIFIER = com.joseb91.SharedAPI;
				PRODUCT_NAME = "$(TARGET_NAME:c99extidentifier)";
				SKIP_INSTALL = YES;
				SUPPORTED_PLATFORMS = "iphoneos iphonesimulator";
				SUPPORTS_MACCATALYST = NO;
				SUPPORTS_MAC_DESIGNED_FOR_IPHONE_IPAD = NO;
				SUPPORTS_XR_DESIGNED_FOR_IPHONE_IPAD = NO;
				SWIFT_EMIT_LOC_STRINGS = YES;
				SWIFT_INSTALL_OBJC_HEADER = NO;
				SWIFT_VERSION = 5.0;
				TARGETED_DEVICE_FAMILY = "1,2";
			};
			name = Release;
		};
		B01EB4C42D681E2500859916 /* Debug */ = {
			isa = XCBuildConfiguration;
			buildSettings = {
				ALWAYS_SEARCH_USER_PATHS = NO;
				ASSETCATALOG_COMPILER_GENERATE_SWIFT_ASSET_SYMBOL_EXTENSIONS = YES;
				CLANG_ANALYZER_NONNULL = YES;
				CLANG_ANALYZER_NUMBER_OBJECT_CONVERSION = YES_AGGRESSIVE;
				CLANG_CXX_LANGUAGE_STANDARD = "gnu++20";
				CLANG_ENABLE_MODULES = YES;
				CLANG_ENABLE_OBJC_ARC = YES;
				CLANG_ENABLE_OBJC_WEAK = YES;
				CLANG_WARN_BLOCK_CAPTURE_AUTORELEASING = YES;
				CLANG_WARN_BOOL_CONVERSION = YES;
				CLANG_WARN_COMMA = YES;
				CLANG_WARN_CONSTANT_CONVERSION = YES;
				CLANG_WARN_DEPRECATED_OBJC_IMPLEMENTATIONS = YES;
				CLANG_WARN_DIRECT_OBJC_ISA_USAGE = YES_ERROR;
				CLANG_WARN_DOCUMENTATION_COMMENTS = YES;
				CLANG_WARN_EMPTY_BODY = YES;
				CLANG_WARN_ENUM_CONVERSION = YES;
				CLANG_WARN_INFINITE_RECURSION = YES;
				CLANG_WARN_INT_CONVERSION = YES;
				CLANG_WARN_NON_LITERAL_NULL_CONVERSION = YES;
				CLANG_WARN_OBJC_IMPLICIT_RETAIN_SELF = YES;
				CLANG_WARN_OBJC_LITERAL_CONVERSION = YES;
				CLANG_WARN_OBJC_ROOT_CLASS = YES_ERROR;
				CLANG_WARN_QUOTED_INCLUDE_IN_FRAMEWORK_HEADER = YES;
				CLANG_WARN_RANGE_LOOP_ANALYSIS = YES;
				CLANG_WARN_STRICT_PROTOTYPES = YES;
				CLANG_WARN_SUSPICIOUS_MOVE = YES;
				CLANG_WARN_UNGUARDED_AVAILABILITY = YES_AGGRESSIVE;
				CLANG_WARN_UNREACHABLE_CODE = YES;
				CLANG_WARN__DUPLICATE_METHOD_MATCH = YES;
				COPY_PHASE_STRIP = NO;
				CURRENT_PROJECT_VERSION = 1;
				DEBUG_INFORMATION_FORMAT = dwarf;
				ENABLE_STRICT_OBJC_MSGSEND = YES;
				ENABLE_TESTABILITY = YES;
				ENABLE_USER_SCRIPT_SANDBOXING = YES;
				GCC_C_LANGUAGE_STANDARD = gnu17;
				GCC_DYNAMIC_NO_PIC = NO;
				GCC_NO_COMMON_BLOCKS = YES;
				GCC_OPTIMIZATION_LEVEL = 0;
				GCC_PREPROCESSOR_DEFINITIONS = (
					"DEBUG=1",
					"$(inherited)",
				);
				GCC_WARN_64_TO_32_BIT_CONVERSION = YES;
				GCC_WARN_ABOUT_RETURN_TYPE = YES_ERROR;
				GCC_WARN_UNDECLARED_SELECTOR = YES;
				GCC_WARN_UNINITIALIZED_AUTOS = YES_AGGRESSIVE;
				GCC_WARN_UNUSED_FUNCTION = YES;
				GCC_WARN_UNUSED_VARIABLE = YES;
				IPHONEOS_DEPLOYMENT_TARGET = 17.5;
				LOCALIZATION_PREFERS_STRING_CATALOGS = YES;
				MTL_ENABLE_DEBUG_INFO = INCLUDE_SOURCE;
				MTL_FAST_MATH = YES;
				ONLY_ACTIVE_ARCH = YES;
				SDKROOT = iphoneos;
				SWIFT_ACTIVE_COMPILATION_CONDITIONS = "DEBUG $(inherited)";
				SWIFT_OPTIMIZATION_LEVEL = "-Onone";
				VERSIONING_SYSTEM = "apple-generic";
				VERSION_INFO_PREFIX = "";
			};
			name = Debug;
		};
		B01EB4C52D681E2500859916 /* Release */ = {
			isa = XCBuildConfiguration;
			buildSettings = {
				ALWAYS_SEARCH_USER_PATHS = NO;
				ASSETCATALOG_COMPILER_GENERATE_SWIFT_ASSET_SYMBOL_EXTENSIONS = YES;
				CLANG_ANALYZER_NONNULL = YES;
				CLANG_ANALYZER_NUMBER_OBJECT_CONVERSION = YES_AGGRESSIVE;
				CLANG_CXX_LANGUAGE_STANDARD = "gnu++20";
				CLANG_ENABLE_MODULES = YES;
				CLANG_ENABLE_OBJC_ARC = YES;
				CLANG_ENABLE_OBJC_WEAK = YES;
				CLANG_WARN_BLOCK_CAPTURE_AUTORELEASING = YES;
				CLANG_WARN_BOOL_CONVERSION = YES;
				CLANG_WARN_COMMA = YES;
				CLANG_WARN_CONSTANT_CONVERSION = YES;
				CLANG_WARN_DEPRECATED_OBJC_IMPLEMENTATIONS = YES;
				CLANG_WARN_DIRECT_OBJC_ISA_USAGE = YES_ERROR;
				CLANG_WARN_DOCUMENTATION_COMMENTS = YES;
				CLANG_WARN_EMPTY_BODY = YES;
				CLANG_WARN_ENUM_CONVERSION = YES;
				CLANG_WARN_INFINITE_RECURSION = YES;
				CLANG_WARN_INT_CONVERSION = YES;
				CLANG_WARN_NON_LITERAL_NULL_CONVERSION = YES;
				CLANG_WARN_OBJC_IMPLICIT_RETAIN_SELF = YES;
				CLANG_WARN_OBJC_LITERAL_CONVERSION = YES;
				CLANG_WARN_OBJC_ROOT_CLASS = YES_ERROR;
				CLANG_WARN_QUOTED_INCLUDE_IN_FRAMEWORK_HEADER = YES;
				CLANG_WARN_RANGE_LOOP_ANALYSIS = YES;
				CLANG_WARN_STRICT_PROTOTYPES = YES;
				CLANG_WARN_SUSPICIOUS_MOVE = YES;
				CLANG_WARN_UNGUARDED_AVAILABILITY = YES_AGGRESSIVE;
				CLANG_WARN_UNREACHABLE_CODE = YES;
				CLANG_WARN__DUPLICATE_METHOD_MATCH = YES;
				COPY_PHASE_STRIP = NO;
				CURRENT_PROJECT_VERSION = 1;
				DEBUG_INFORMATION_FORMAT = "dwarf-with-dsym";
				ENABLE_NS_ASSERTIONS = NO;
				ENABLE_STRICT_OBJC_MSGSEND = YES;
				ENABLE_USER_SCRIPT_SANDBOXING = YES;
				GCC_C_LANGUAGE_STANDARD = gnu17;
				GCC_NO_COMMON_BLOCKS = YES;
				GCC_WARN_64_TO_32_BIT_CONVERSION = YES;
				GCC_WARN_ABOUT_RETURN_TYPE = YES_ERROR;
				GCC_WARN_UNDECLARED_SELECTOR = YES;
				GCC_WARN_UNINITIALIZED_AUTOS = YES_AGGRESSIVE;
				GCC_WARN_UNUSED_FUNCTION = YES;
				GCC_WARN_UNUSED_VARIABLE = YES;
				IPHONEOS_DEPLOYMENT_TARGET = 17.5;
				LOCALIZATION_PREFERS_STRING_CATALOGS = YES;
				MTL_ENABLE_DEBUG_INFO = NO;
				MTL_FAST_MATH = YES;
				SDKROOT = iphoneos;
				SWIFT_COMPILATION_MODE = wholemodule;
				VALIDATE_PRODUCT = YES;
				VERSIONING_SYSTEM = "apple-generic";
				VERSION_INFO_PREFIX = "";
			};
			name = Release;
		};
		B01EB4C72D681E2500859916 /* Debug */ = {
			isa = XCBuildConfiguration;
			buildSettings = {
				CODE_SIGN_STYLE = Automatic;
				CURRENT_PROJECT_VERSION = 1;
				DEVELOPMENT_TEAM = 9V3336X7NB;
				GENERATE_INFOPLIST_FILE = YES;
				IPHONEOS_DEPLOYMENT_TARGET = 17.5;
				MARKETING_VERSION = 1.0;
				PRODUCT_BUNDLE_IDENTIFIER = com.joseb91.SharedAPITests;
				PRODUCT_NAME = "$(TARGET_NAME)";
				SUPPORTED_PLATFORMS = "iphoneos iphonesimulator";
				SUPPORTS_MACCATALYST = NO;
				SUPPORTS_MAC_DESIGNED_FOR_IPHONE_IPAD = NO;
				SUPPORTS_XR_DESIGNED_FOR_IPHONE_IPAD = NO;
				SWIFT_EMIT_LOC_STRINGS = NO;
				SWIFT_VERSION = 5.0;
				TARGETED_DEVICE_FAMILY = "1,2";
			};
			name = Debug;
		};
		B01EB4C82D681E2500859916 /* Release */ = {
			isa = XCBuildConfiguration;
			buildSettings = {
				CODE_SIGN_STYLE = Automatic;
				CURRENT_PROJECT_VERSION = 1;
				DEVELOPMENT_TEAM = 9V3336X7NB;
				GENERATE_INFOPLIST_FILE = YES;
				IPHONEOS_DEPLOYMENT_TARGET = 17.5;
				MARKETING_VERSION = 1.0;
				PRODUCT_BUNDLE_IDENTIFIER = com.joseb91.SharedAPITests;
				PRODUCT_NAME = "$(TARGET_NAME)";
				SUPPORTED_PLATFORMS = "iphoneos iphonesimulator";
				SUPPORTS_MACCATALYST = NO;
				SUPPORTS_MAC_DESIGNED_FOR_IPHONE_IPAD = NO;
				SUPPORTS_XR_DESIGNED_FOR_IPHONE_IPAD = NO;
				SWIFT_EMIT_LOC_STRINGS = NO;
				SWIFT_VERSION = 5.0;
				TARGETED_DEVICE_FAMILY = "1,2";
			};
			name = Release;
		};
/* End XCBuildConfiguration section */

/* Begin XCConfigurationList section */
		B00CDFF32D6C150C00050613 /* Build configuration list for PBXNativeTarget "LigasEcAPI" */ = {
			isa = XCConfigurationList;
			buildConfigurations = (
				B00CDFEE2D6C150C00050613 /* Debug */,
				B00CDFEF2D6C150C00050613 /* Release */,
			);
			defaultConfigurationIsVisible = 0;
			defaultConfigurationName = Release;
		};
		B00CDFF42D6C150C00050613 /* Build configuration list for PBXNativeTarget "LigasEcAPITests" */ = {
			isa = XCConfigurationList;
			buildConfigurations = (
				B00CDFF02D6C150C00050613 /* Debug */,
				B00CDFF12D6C150C00050613 /* Release */,
			);
			defaultConfigurationIsVisible = 0;
			defaultConfigurationName = Release;
		};
		B01EB4A82D681E2500859916 /* Build configuration list for PBXProject "LigasEcAPI" */ = {
			isa = XCConfigurationList;
			buildConfigurations = (
				B01EB4C42D681E2500859916 /* Debug */,
				B01EB4C52D681E2500859916 /* Release */,
			);
			defaultConfigurationIsVisible = 0;
			defaultConfigurationName = Release;
		};
		B01EB4C12D681E2500859916 /* Build configuration list for PBXNativeTarget "SharedAPI" */ = {
			isa = XCConfigurationList;
			buildConfigurations = (
				B01EB4C22D681E2500859916 /* Debug */,
				B01EB4C32D681E2500859916 /* Release */,
			);
			defaultConfigurationIsVisible = 0;
			defaultConfigurationName = Release;
		};
		B01EB4C62D681E2500859916 /* Build configuration list for PBXNativeTarget "SharedAPITests" */ = {
			isa = XCConfigurationList;
			buildConfigurations = (
				B01EB4C72D681E2500859916 /* Debug */,
				B01EB4C82D681E2500859916 /* Release */,
			);
			defaultConfigurationIsVisible = 0;
			defaultConfigurationName = Release;
		};
/* End XCConfigurationList section */
	};
	rootObject = B01EB4A52D681E2500859916 /* Project object */;
}
